
Microsoft Visual Studio Solution File, Format Version 12.00
# Visual Studio 14
VisualStudioVersion = 14.0.25123.0
MinimumVisualStudioVersion = 10.0.40219.1
Project("{FAE04EC0-301F-11D3-BF4B-00C04F79EFBC}") = "TamayoWebFormCourseProjectWeb460", "TamayoWebFormCourseProjectWeb460\TamayoWebFormCourseProjectWeb460.csproj", "{57A0DE68-D894-411E-81C1-3339E32B5864}"
EndProject
Global
	GlobalSection(SolutionConfigurationPlatforms) = preSolution
		Debug|Any CPU = Debug|Any CPU
		Release|Any CPU = Release|Any CPU
	EndGlobalSection
	GlobalSection(ProjectConfigurationPlatforms) = postSolution
		{57A0DE68-D894-411E-81C1-3339E32B5864}.Debug|Any CPU.ActiveCfg = Debug|Any CPU
		{57A0DE68-D894-411E-81C1-3339E32B5864}.Debug|Any CPU.Build.0 = Debug|Any CPU
		{57A0DE68-D894-411E-81C1-3339E32B5864}.Release|Any CPU.ActiveCfg = Release|Any CPU
		{57A0DE68-D894-411E-81C1-3339E32B5864}.Release|Any CPU.Build.0 = Release|Any CPU
	EndGlobalSection
	GlobalSection(SolutionProperties) = preSolution
		HideSolutionNode = FALSE
	EndGlobalSection
EndGlobal
